{
  "version": 4,
  "terraform_version": "1.14.7",
  "serial": 23,
  "lineage": "48848b3d-a82e-f612-d54f-0a8ee18dc2af",
  "outputs": {},
  "resources": [
    {
      "mode": "managed",
      "type": "local_file",
      "name": "about_me",
      "provider": "provider[\"registry.terraform.io/hashicorp/local\"]",
      "instances": [
        {
          "schema_version": 0,
          "attributes": {
            "content": "Hello, This is Abi Caleb Now iam learning variables in Terraform",
            "content_base64": null,
            "content_base64sha256": "j136bEB3Rsc3hHTOcJjbxjpTasTXbSOgsU3UQ+TyfF0=",
            "content_base64sha512": "ir8hgkQ33mekCwLMJ2mRyYbtnUHagWr40MKGsp8nEzRBr8V3fJhVXpoSpTBZkCiNLngWWcU9j/FICtzf6TWoaw==",
            "content_md5": "097d4a723d480e1a52c43a9c1820cd70",
            "content_sha1": "d27e6c6c386bc7f51c7d95ea745df094501c580f",
            "content_sha256": "8f5dfa6c407746c7378474ce7098dbc63a536ac4d76d23a0b14dd443e4f27c5d",
            "content_sha512": "8abf21824437de67a40b02cc276991c986ed9d41da816af8d0c286b29f27133441afc5777c98555e9a12a5305990288d2e781659c53d8ff1480adcdfe935a86b",
            "directory_permission": "0777",
            "file_permission": "0700",
            "filename": "Documents/tf-testing/about_me.txt",
            "id": "d27e6c6c386bc7f51c7d95ea745df094501c580f",
            "sensitive_content": null,
            "source": null
          },
          "sensitive_attributes": [
            [
              {
                "type": "get_attr",
                "value": "sensitive_content"
              }
            ]
          ],
          "identity_schema_version": 0
        }
      ]
    },
    {
      "mode": "managed",
      "type": "local_file",
      "name": "my_kit",
      "provider": "provider[\"registry.terraform.io/hashicorp/local\"]",
      "instances": [
        {
          "schema_version": 0,
          "attributes": {
            "content": "But I love to play Keyboard! I love Guitar!",
            "content_base64": null,
            "content_base64sha256": "QrvzgPUb1IqgkjYHZ4mKUbQ1EEnEq5QyL+ZNeakiF+Q=",
            "content_base64sha512": "pMnJ+rAFgj/1+NZ4SIEgfL7lb8bEhxG4SlQ7grKSazc3srMMOaq9lOMt6NcrNDboRNn3D+6m/3on8vii7z5Brg==",
            "content_md5": "364c46a69eb4f7e1eb0fb59045dca4fb",
            "content_sha1": "29bbf3c7fff1af8ccd0f239c41d88eae31bbd824",
            "content_sha256": "42bbf380f51bd48aa092360767898a51b4351049c4ab94322fe64d79a92217e4",
            "content_sha512": "a4c9c9fab005823ff5f8d6784881207cbee56fc6c48711b84a543b82b2926b3737b2b30c39aabd94e32de8d72b3436e844d9f70feea6ff7a27f2f8a2ef3e41ae",
            "directory_permission": "0777",
            "file_permission": "0777",
            "filename": "Documents/tf-testing/my-kit.txt",
            "id": "29bbf3c7fff1af8ccd0f239c41d88eae31bbd824",
            "sensitive_content": null,
            "source": null
          },
          "sensitive_attributes": [
            [
              {
                "type": "get_attr",
                "value": "sensitive_content"
              }
            ]
          ],
          "identity_schema_version": 0
        }
      ]
    },
    {
      "mode": "managed",
      "type": "random_pet",
      "name": "pets",
      "provider": "provider[\"registry.terraform.io/hashicorp/random\"]",
      "instances": [
        {
          "schema_version": 0,
          "attributes": {
            "id": "Sir.clean.catfish",
            "keepers": null,
            "length": 2,
            "prefix": "Sir",
            "separator": "."
          },
          "sensitive_attributes": [],
          "identity_schema_version": 0
        }
      ]
    }
  ],
  "check_results": null
}
