{
  "version": 4,
  "terraform_version": "1.14.7",
  "serial": 26,
  "lineage": "48848b3d-a82e-f612-d54f-0a8ee18dc2af",
  "outputs": {},
  "resources": [
    {
      "mode": "managed",
      "type": "local_file",
      "name": "about_me",
      "provider": "provider[\"registry.terraform.io/hashicorp/local\"]",
      "instances": [
        {
          "schema_version": 0,
          "attributes": {
            "content": "Hello, This is Abi Caleb Now iam learning variables in Terraform",
            "content_base64": null,
            "content_base64sha256": "j136bEB3Rsc3hHTOcJjbxjpTasTXbSOgsU3UQ+TyfF0=",
            "content_base64sha512": "ir8hgkQ33mekCwLMJ2mRyYbtnUHagWr40MKGsp8nEzRBr8V3fJhVXpoSpTBZkCiNLngWWcU9j/FICtzf6TWoaw==",
            "content_md5": "097d4a723d480e1a52c43a9c1820cd70",
            "content_sha1": "d27e6c6c386bc7f51c7d95ea745df094501c580f",
            "content_sha256": "8f5dfa6c407746c7378474ce7098dbc63a536ac4d76d23a0b14dd443e4f27c5d",
            "content_sha512": "8abf21824437de67a40b02cc276991c986ed9d41da816af8d0c286b29f27133441afc5777c98555e9a12a5305990288d2e781659c53d8ff1480adcdfe935a86b",
            "directory_permission": "0777",
            "file_permission": "0700",
            "filename": "Documents/tf-testing/about_me.txt",
            "id": "d27e6c6c386bc7f51c7d95ea745df094501c580f",
            "sensitive_content": null,
            "source": null
          },
          "sensitive_attributes": [
            [
              {
                "type": "get_attr",
                "value": "sensitive_content"
              }
            ]
          ],
          "identity_schema_version": 0
        }
      ]
    },
    {
      "mode": "managed",
      "type": "local_file",
      "name": "my_kit",
      "provider": "provider[\"registry.terraform.io/hashicorp/local\"]",
      "instances": [
        {
          "schema_version": 0,
          "attributes": {
            "content": "I love Guitar! But I love to play Keyboard!",
            "content_base64": null,
            "content_base64sha256": "DPN6twzXnBfRFZlFo4iIJ0nraJ8E6bfgU0yfbniWm1A=",
            "content_base64sha512": "arp6rr7ss1A0H79T8T2QOAHw/N+7fVkHUzzWbNMOhQOki7MPBL1EEFxaXsOFzva9OA5Z/9pYQd4JZC84plG7LA==",
            "content_md5": "b863a5e7efc02357837b4ffdb2012ffe",
            "content_sha1": "1e816d5b790b40b746a722885df64862937d872f",
            "content_sha256": "0cf37ab70cd79c17d1159945a388882749eb689f04e9b7e0534c9f6e78969b50",
            "content_sha512": "6aba7aaebeecb350341fbf53f13d903801f0fcdfbb7d5907533cd66cd30e8503a48bb30f04bd44105c5a5ec385cef6bd380e59ffda5841de09642f38a651bb2c",
            "directory_permission": "0777",
            "file_permission": "0777",
            "filename": "Documents/tf-testing/my-kit.txt",
            "id": "1e816d5b790b40b746a722885df64862937d872f",
            "sensitive_content": null,
            "source": null
          },
          "sensitive_attributes": [
            [
              {
                "type": "get_attr",
                "value": "sensitive_content"
              }
            ]
          ],
          "identity_schema_version": 0
        }
      ]
    },
    {
      "mode": "managed",
      "type": "random_pet",
      "name": "pets",
      "provider": "provider[\"registry.terraform.io/hashicorp/random\"]",
      "instances": [
        {
          "schema_version": 0,
          "attributes": {
            "id": "Sir.clean.catfish",
            "keepers": null,
            "length": 2,
            "prefix": "Sir",
            "separator": "."
          },
          "sensitive_attributes": [],
          "identity_schema_version": 0
        }
      ]
    }
  ],
  "check_results": null
}
