{
  "version": 4,
  "terraform_version": "1.14.7",
  "serial": 10,
  "lineage": "48848b3d-a82e-f612-d54f-0a8ee18dc2af",
  "outputs": {},
  "resources": [
    {
      "mode": "managed",
      "type": "local_file",
      "name": "about_me",
      "provider": "provider[\"registry.terraform.io/hashicorp/local\"]",
      "instances": [
        {
          "schema_version": 0,
          "attributes": {
            "content": "Hello, This is Abi Caleb and Iam  DevOps Engineer at M2PFintech and Iam learning Terraform",
            "content_base64": null,
            "content_base64sha256": "avXGUh4s/KSwiiaWTbg2VvxxZxNWFomqw3HgwgGybv8=",
            "content_base64sha512": "anXqX9kgRR2gyIxlqSyDuFC2udcb6pYuDE2HrRKIRlT0AkIeuQWFlUg8Rd+AXYsf3b07IAv4o83mK/LNsizIww==",
            "content_md5": "ab9c73ec369ff5ef9752617c4a640e79",
            "content_sha1": "56859eed428247fd2ea667dee55390e692e44146",
            "content_sha256": "6af5c6521e2cfca4b08a26964db83656fc716713561689aac371e0c201b26eff",
            "content_sha512": "6a75ea5fd920451da0c88c65a92c83b850b6b9d71bea962e0c4d87ad12884654f402421eb9058595483c45df805d8b1fddbd3b200bf8a3cde62bf2cdb22cc8c3",
            "directory_permission": "0777",
            "file_permission": "0700",
            "filename": "Documents/tf-testing/about_me.txt",
            "id": "56859eed428247fd2ea667dee55390e692e44146",
            "sensitive_content": null,
            "source": null
          },
          "sensitive_attributes": [
            [
              {
                "type": "get_attr",
                "value": "sensitive_content"
              }
            ]
          ],
          "identity_schema_version": 0
        }
      ]
    },
    {
      "mode": "managed",
      "type": "random_pet",
      "name": "pets",
      "provider": "provider[\"registry.terraform.io/hashicorp/random\"]",
      "instances": [
        {
          "schema_version": 0,
          "attributes": {
            "id": "Mr.racer",
            "keepers": null,
            "length": 1,
            "prefix": "Mr",
            "separator": "."
          },
          "sensitive_attributes": [],
          "identity_schema_version": 0
        }
      ]
    }
  ],
  "check_results": null
}
